
Microsoft Visual Studio Solution File, Format Version 12.00
# Visual Studio Version 17
VisualStudioVersion = 17.5.33414.496
MinimumVisualStudioVersion = 10.0.40219.1
Project("{9A19103F-16F7-4668-BE54-9A1E7A4F7556}") = "TodoServer", "TodoServer\TodoServer.csproj", "{4818F5E0-4025-4873-81C4-C3112B7E3DE2}"
EndProject
Project("{E53339B2-1760-4266-BCC7-CA923CBCF16C}") = "docker-compose", "docker-compose.dcproj", "{BA85A1DD-77B5-4374-8F24-C27380FA8C6B}"
EndProject
Global
	GlobalSection(SolutionConfigurationPlatforms) = preSolution
		Debug|Any CPU = Debug|Any CPU
		Release|Any CPU = Release|Any CPU
	EndGlobalSection
	GlobalSection(ProjectConfigurationPlatforms) = postSolution
		{4818F5E0-4025-4873-81C4-C3112B7E3DE2}.Debug|Any CPU.ActiveCfg = Debug|Any CPU
		{4818F5E0-4025-4873-81C4-C3112B7E3DE2}.Debug|Any CPU.Build.0 = Debug|Any CPU
		{4818F5E0-4025-4873-81C4-C3112B7E3DE2}.Release|Any CPU.ActiveCfg = Release|Any CPU
		{4818F5E0-4025-4873-81C4-C3112B7E3DE2}.Release|Any CPU.Build.0 = Release|Any CPU
		{BA85A1DD-77B5-4374-8F24-C27380FA8C6B}.Debug|Any CPU.ActiveCfg = Debug|Any CPU
		{BA85A1DD-77B5-4374-8F24-C27380FA8C6B}.Debug|Any CPU.Build.0 = Debug|Any CPU
		{BA85A1DD-77B5-4374-8F24-C27380FA8C6B}.Release|Any CPU.ActiveCfg = Release|Any CPU
		{BA85A1DD-77B5-4374-8F24-C27380FA8C6B}.Release|Any CPU.Build.0 = Release|Any CPU
	EndGlobalSection
	GlobalSection(SolutionProperties) = preSolution
		HideSolutionNode = FALSE
	EndGlobalSection
	GlobalSection(ExtensibilityGlobals) = postSolution
		SolutionGuid = {C3521CB8-C732-4387-B21A-F85719DDCD29}
	EndGlobalSection
EndGlobal
